<Solution>
  <Folder Name="/src/">
    <Project Path="src/Offramp.Analysis/Offramp.Analysis.csproj" />
    <Project Path="src/Offramp.Analyzers.CodeFixes/Offramp.Analyzers.CodeFixes.csproj" />
    <Project Path="src/Offramp.Analyzers/Offramp.Analyzers.csproj" />
    <Project Path="src/Offramp.Cli/Offramp.Cli.csproj" />
    <Project Path="src/Offramp.Core/Offramp.Core.csproj" />
    <Project Path="src/Offramp.Llm/Offramp.Llm.csproj" />
    <Project Path="src/Offramp.NuGet/Offramp.NuGet.csproj" />
    <Project Path="src/Offramp.Refactoring/Offramp.Refactoring.csproj" />
    <Project Path="src/Offramp.Reporting/Offramp.Reporting.csproj" />
    <Project Path="src/Offramp.Scaffolding/Offramp.Scaffolding.csproj" />
    <Project Path="src/Offramp.Workspace/Offramp.Workspace.csproj" />
  </Folder>
  <Folder Name="/tests/">
    <Project Path="tests/Offramp.Analysis.Tests/Offramp.Analysis.Tests.csproj" />
    <Project Path="tests/Offramp.Analyzers.Tests/Offramp.Analyzers.Tests.csproj" />
    <Project Path="tests/Offramp.Cli.Tests/Offramp.Cli.Tests.csproj" />
    <Project Path="tests/Offramp.Core.Tests/Offramp.Core.Tests.csproj" />
    <Project Path="tests/Offramp.Fixtures/Offramp.Fixtures.csproj" />
    <Project Path="tests/Offramp.Llm.Tests/Offramp.Llm.Tests.csproj" />
    <Project Path="tests/Offramp.NuGet.Tests/Offramp.NuGet.Tests.csproj" />
    <Project Path="tests/Offramp.Refactoring.Tests/Offramp.Refactoring.Tests.csproj" />
    <Project Path="tests/Offramp.Reporting.Tests/Offramp.Reporting.Tests.csproj" />
    <Project Path="tests/Offramp.Scaffolding.Tests/Offramp.Scaffolding.Tests.csproj" />
    <Project Path="tests/Offramp.Workspace.Tests/Offramp.Workspace.Tests.csproj" />
  </Folder>
  <Folder Name="/solution-items/">
    <File Path=".editorconfig" />
    <File Path="CHANGELOG.md" />
    <File Path="CLAUDE.md" />
    <File Path="Directory.Build.props" />
    <File Path="Directory.Packages.props" />
    <File Path="global.json" />
    <File Path="README.md" />
  </Folder>
</Solution>
